
Microsoft Visual Studio Solution File, Format Version 12.00
# Visual Studio Version 17
VisualStudioVersion = 17.6.33717.318
MinimumVisualStudioVersion = 10.0.40219.1
Project("{8BC9CEB8-8B4A-11D0-8D11-00A0C91BC942}") = "ParadigmaOOP2_033", "ParadigmaOOP2_033\ParadigmaOOP2_033.vcxproj", "{CB7CA317-9FA9-452E-9C44-3B8AD260B6C1}"
EndProject
Project("{8BC9CEB8-8B4A-11D0-8D11-00A0C91BC942}") = "solveMultiwaris", "solveMultiwaris\solveMultiwaris.vcxproj", "{E9C5C72C-BB87-4307-BCDA-3D968BDAE60A}"
EndProject
Project("{8BC9CEB8-8B4A-11D0-8D11-00A0C91BC942}") = "Polymorphism", "Polymorphism\Polymorphism.vcxproj", "{46BC2962-E02F-434F-962E-1AF2A0E952C5}"
EndProject
Project("{8BC9CEB8-8B4A-11D0-8D11-00A0C91BC942}") = "Program noOverriding", "Program noOverriding\Program noOverriding.vcxproj", "{E2F1E19B-9764-407B-A636-2D1F85FC9E5C}"
EndProject
Global
	GlobalSection(SolutionConfigurationPlatforms) = preSolution
		Debug|x64 = Debug|x64
		Debug|x86 = Debug|x86
		Release|x64 = Release|x64
		Release|x86 = Release|x86
	EndGlobalSection
	GlobalSection(ProjectConfigurationPlatforms) = postSolution
		{CB7CA317-9FA9-452E-9C44-3B8AD260B6C1}.Debug|x64.ActiveCfg = Debug|x64
		{CB7CA317-9FA9-452E-9C44-3B8AD260B6C1}.Debug|x64.Build.0 = Debug|x64
		{CB7CA317-9FA9-452E-9C44-3B8AD260B6C1}.Debug|x86.ActiveCfg = Debug|Win32
		{CB7CA317-9FA9-452E-9C44-3B8AD260B6C1}.Debug|x86.Build.0 = Debug|Win32
		{CB7CA317-9FA9-452E-9C44-3B8AD260B6C1}.Release|x64.ActiveCfg = Release|x64
		{CB7CA317-9FA9-452E-9C44-3B8AD260B6C1}.Release|x64.Build.0 = Release|x64
		{CB7CA317-9FA9-452E-9C44-3B8AD260B6C1}.Release|x86.ActiveCfg = Release|Win32
		{CB7CA317-9FA9-452E-9C44-3B8AD260B6C1}.Release|x86.Build.0 = Release|Win32
		{E9C5C72C-BB87-4307-BCDA-3D968BDAE60A}.Debug|x64.ActiveCfg = Debug|x64
		{E9C5C72C-BB87-4307-BCDA-3D968BDAE60A}.Debug|x64.Build.0 = Debug|x64
		{E9C5C72C-BB87-4307-BCDA-3D968BDAE60A}.Debug|x86.ActiveCfg = Debug|Win32
		{E9C5C72C-BB87-4307-BCDA-3D968BDAE60A}.Debug|x86.Build.0 = Debug|Win32
		{E9C5C72C-BB87-4307-BCDA-3D968BDAE60A}.Release|x64.ActiveCfg = Release|x64
		{E9C5C72C-BB87-4307-BCDA-3D968BDAE60A}.Release|x64.Build.0 = Release|x64
		{E9C5C72C-BB87-4307-BCDA-3D968BDAE60A}.Release|x86.ActiveCfg = Release|Win32
		{E9C5C72C-BB87-4307-BCDA-3D968BDAE60A}.Release|x86.Build.0 = Release|Win32
		{46BC2962-E02F-434F-962E-1AF2A0E952C5}.Debug|x64.ActiveCfg = Debug|x64
		{46BC2962-E02F-434F-962E-1AF2A0E952C5}.Debug|x64.Build.0 = Debug|x64
		{46BC2962-E02F-434F-962E-1AF2A0E952C5}.Debug|x86.ActiveCfg = Debug|Win32
		{46BC2962-E02F-434F-962E-1AF2A0E952C5}.Debug|x86.Build.0 = Debug|Win32
		{46BC2962-E02F-434F-962E-1AF2A0E952C5}.Release|x64.ActiveCfg = Release|x64
		{46BC2962-E02F-434F-962E-1AF2A0E952C5}.Release|x64.Build.0 = Release|x64
		{46BC2962-E02F-434F-962E-1AF2A0E952C5}.Release|x86.ActiveCfg = Release|Win32
		{46BC2962-E02F-434F-962E-1AF2A0E952C5}.Release|x86.Build.0 = Release|Win32
		{E2F1E19B-9764-407B-A636-2D1F85FC9E5C}.Debug|x64.ActiveCfg = Debug|x64
		{E2F1E19B-9764-407B-A636-2D1F85FC9E5C}.Debug|x64.Build.0 = Debug|x64
		{E2F1E19B-9764-407B-A636-2D1F85FC9E5C}.Debug|x86.ActiveCfg = Debug|Win32
		{E2F1E19B-9764-407B-A636-2D1F85FC9E5C}.Debug|x86.Build.0 = Debug|Win32
		{E2F1E19B-9764-407B-A636-2D1F85FC9E5C}.Release|x64.ActiveCfg = Release|x64
		{E2F1E19B-9764-407B-A636-2D1F85FC9E5C}.Release|x64.Build.0 = Release|x64
		{E2F1E19B-9764-407B-A636-2D1F85FC9E5C}.Release|x86.ActiveCfg = Release|Win32
		{E2F1E19B-9764-407B-A636-2D1F85FC9E5C}.Release|x86.Build.0 = Release|Win32
	EndGlobalSection
	GlobalSection(SolutionProperties) = preSolution
		HideSolutionNode = FALSE
	EndGlobalSection
	GlobalSection(ExtensibilityGlobals) = postSolution
		SolutionGuid = {B8E345D4-42E5-4E6A-BAF0-DFC26C4F74A7}
	EndGlobalSection
EndGlobal
